
Microsoft Visual Studio Solution File, Format Version 12.00
# Visual Studio 15
VisualStudioVersion = 15.0.27004.2002
MinimumVisualStudioVersion = 10.0.40219.1
Project("{FAE04EC0-301F-11D3-BF4B-00C04F79EFBC}") = "FavLink", "FavLink.csproj", "{8197A670-51EF-4804-8DC8-3F8C8B594856}"
EndProject
Global
	GlobalSection(SolutionConfigurationPlatforms) = preSolution
		Debug|Any CPU = Debug|Any CPU
		Release|Any CPU = Release|Any CPU
	EndGlobalSection
	GlobalSection(ProjectConfigurationPlatforms) = postSolution
		{8197A670-51EF-4804-8DC8-3F8C8B594856}.Debug|Any CPU.ActiveCfg = Debug|Any CPU
		{8197A670-51EF-4804-8DC8-3F8C8B594856}.Debug|Any CPU.Build.0 = Debug|Any CPU
		{8197A670-51EF-4804-8DC8-3F8C8B594856}.Release|Any CPU.ActiveCfg = Release|Any CPU
		{8197A670-51EF-4804-8DC8-3F8C8B594856}.Release|Any CPU.Build.0 = Release|Any CPU
	EndGlobalSection
	GlobalSection(SolutionProperties) = preSolution
		HideSolutionNode = FALSE
	EndGlobalSection
	GlobalSection(ExtensibilityGlobals) = postSolution
		SolutionGuid = {734C1636-D09F-4E06-863A-8BBD402D63CA}
	EndGlobalSection
EndGlobal
